
Microsoft Visual Studio Solution File, Format Version 12.00
# Visual Studio Version 17
VisualStudioVersion = 17.2.32526.322
MinimumVisualStudioVersion = 10.0.40219.1
Project("{9A19103F-16F7-4668-BE54-9A1E7A4F7556}") = "Web", "Web\Web.csproj", "{64FBA080-D962-4A1F-9F90-308C2BB309F7}"
EndProject
Project("{FAE04EC0-301F-11D3-BF4B-00C04F79EFBC}") = "Models", "Models\Models.csproj", "{47BBB696-364C-45EF-84C4-1646AC832D0C}"
EndProject
Global
	GlobalSection(SolutionConfigurationPlatforms) = preSolution
		Debug|Any CPU = Debug|Any CPU
		Release|Any CPU = Release|Any CPU
	EndGlobalSection
	GlobalSection(ProjectConfigurationPlatforms) = postSolution
		{64FBA080-D962-4A1F-9F90-308C2BB309F7}.Debug|Any CPU.ActiveCfg = Debug|Any CPU
		{64FBA080-D962-4A1F-9F90-308C2BB309F7}.Debug|Any CPU.Build.0 = Debug|Any CPU
		{64FBA080-D962-4A1F-9F90-308C2BB309F7}.Release|Any CPU.ActiveCfg = Release|Any CPU
		{64FBA080-D962-4A1F-9F90-308C2BB309F7}.Release|Any CPU.Build.0 = Release|Any CPU
		{47BBB696-364C-45EF-84C4-1646AC832D0C}.Debug|Any CPU.ActiveCfg = Debug|Any CPU
		{47BBB696-364C-45EF-84C4-1646AC832D0C}.Debug|Any CPU.Build.0 = Debug|Any CPU
		{47BBB696-364C-45EF-84C4-1646AC832D0C}.Release|Any CPU.ActiveCfg = Release|Any CPU
		{47BBB696-364C-45EF-84C4-1646AC832D0C}.Release|Any CPU.Build.0 = Release|Any CPU
	EndGlobalSection
	GlobalSection(SolutionProperties) = preSolution
		HideSolutionNode = FALSE
	EndGlobalSection
	GlobalSection(ExtensibilityGlobals) = postSolution
		SolutionGuid = {99EB0940-4790-4C18-937C-59179B5C03A3}
	EndGlobalSection
EndGlobal
